
Microsoft Visual Studio Solution File, Format Version 12.00
# Visual Studio Version 16
VisualStudioVersion = 16.0.30907.101
MinimumVisualStudioVersion = 10.0.40219.1
Project("{2150E333-8FDC-42A3-9474-1A3956D46DE8}") = "src", "src", "{6DC8984B-30AE-4B7D-B13C-8FDFA7ED509F}"
	ProjectSection(SolutionItems) = preProject
		src\WindowsMessageBox.cs = src\WindowsMessageBox.cs
	EndProjectSection
EndProject
Project("{FAE04EC0-301F-11D3-BF4B-00C04F79EFBC}") = "Atomus.Windows.MessageBox.WindowsMessageBox(dotNet)", "dotNet\Atomus.Windows.MessageBox.WindowsMessageBox(dotNet).csproj", "{62C96ACB-1081-4FB3-B429-94FCD7B07F6B}"
EndProject
Global
	GlobalSection(SolutionConfigurationPlatforms) = preSolution
		Debug|Any CPU = Debug|Any CPU
		Release|Any CPU = Release|Any CPU
	EndGlobalSection
	GlobalSection(ProjectConfigurationPlatforms) = postSolution
		{62C96ACB-1081-4FB3-B429-94FCD7B07F6B}.Debug|Any CPU.ActiveCfg = Debug|Any CPU
		{62C96ACB-1081-4FB3-B429-94FCD7B07F6B}.Debug|Any CPU.Build.0 = Debug|Any CPU
		{62C96ACB-1081-4FB3-B429-94FCD7B07F6B}.Release|Any CPU.ActiveCfg = Release|Any CPU
		{62C96ACB-1081-4FB3-B429-94FCD7B07F6B}.Release|Any CPU.Build.0 = Release|Any CPU
	EndGlobalSection
	GlobalSection(SolutionProperties) = preSolution
		HideSolutionNode = FALSE
	EndGlobalSection
	GlobalSection(ExtensibilityGlobals) = postSolution
		SolutionGuid = {F4241055-E33C-43E7-B2B1-F19EA6CD15B3}
	EndGlobalSection
EndGlobal
